
Microsoft Visual Studio Solution File, Format Version 12.00
# Visual Studio Version 17
VisualStudioVersion = 17.7.34202.233
MinimumVisualStudioVersion = 10.0.40219.1
Project("{9A19103F-16F7-4668-BE54-9A1E7A4F7556}") = "H2ULibrary", "H2ULibrary\H2ULibrary.csproj", "{7896D02E-0AAA-4A88-AB48-1A5D12164DF6}"
EndProject
Project("{9A19103F-16F7-4668-BE54-9A1E7A4F7556}") = "H2U_UI", "H2U_UI\H2U_UI.csproj", "{D52D93CE-B241-40CE-8A6D-EB35FDCD1981}"
EndProject
Global
	GlobalSection(SolutionConfigurationPlatforms) = preSolution
		Debug|Any CPU = Debug|Any CPU
		Release|Any CPU = Release|Any CPU
	EndGlobalSection
	GlobalSection(ProjectConfigurationPlatforms) = postSolution
		{7896D02E-0AAA-4A88-AB48-1A5D12164DF6}.Debug|Any CPU.ActiveCfg = Debug|Any CPU
		{7896D02E-0AAA-4A88-AB48-1A5D12164DF6}.Debug|Any CPU.Build.0 = Debug|Any CPU
		{7896D02E-0AAA-4A88-AB48-1A5D12164DF6}.Release|Any CPU.ActiveCfg = Release|Any CPU
		{7896D02E-0AAA-4A88-AB48-1A5D12164DF6}.Release|Any CPU.Build.0 = Release|Any CPU
		{D52D93CE-B241-40CE-8A6D-EB35FDCD1981}.Debug|Any CPU.ActiveCfg = Debug|Any CPU
		{D52D93CE-B241-40CE-8A6D-EB35FDCD1981}.Debug|Any CPU.Build.0 = Debug|Any CPU
		{D52D93CE-B241-40CE-8A6D-EB35FDCD1981}.Release|Any CPU.ActiveCfg = Release|Any CPU
		{D52D93CE-B241-40CE-8A6D-EB35FDCD1981}.Release|Any CPU.Build.0 = Release|Any CPU
	EndGlobalSection
	GlobalSection(SolutionProperties) = preSolution
		HideSolutionNode = FALSE
	EndGlobalSection
	GlobalSection(ExtensibilityGlobals) = postSolution
		SolutionGuid = {A8994498-6777-40E0-A89E-EF09A0809C42}
	EndGlobalSection
EndGlobal
